
Microsoft Visual Studio Solution File, Format Version 12.00
# Visual Studio 14
VisualStudioVersion = 14.0.25420.1
MinimumVisualStudioVersion = 10.0.40219.1
Project("{FAE04EC0-301F-11D3-BF4B-00C04F79EFBC}") = "Todo", "Todo\Todo.csproj", "{F4557312-7239-4251-BE85-6DCD9E35E7EB}"
EndProject
Project("{00D1A9C2-B5F0-4AF3-8072-F6C62B433612}") = "Todo.Database", "Todo.Database\Todo.Database.sqlproj", "{4843FFDC-925E-4B8D-9C3D-FF5671D1D7C7}"
EndProject
Project("{FAE04EC0-301F-11D3-BF4B-00C04F79EFBC}") = "Todo.Repositories", "Todo.Repositories\Todo.Repositories.csproj", "{D0FFD0D9-CE6B-46CC-A76C-C1C47A7BF3EB}"
EndProject
Project("{FAE04EC0-301F-11D3-BF4B-00C04F79EFBC}") = "Todo.Entities", "Todo.Entities\Todo.Entities.csproj", "{3DD3B83D-3BFC-45EA-9F7B-EB3161AE55DB}"
EndProject
Global
	GlobalSection(SolutionConfigurationPlatforms) = preSolution
		Debug|Any CPU = Debug|Any CPU
		Release|Any CPU = Release|Any CPU
	EndGlobalSection
	GlobalSection(ProjectConfigurationPlatforms) = postSolution
		{F4557312-7239-4251-BE85-6DCD9E35E7EB}.Debug|Any CPU.ActiveCfg = Debug|Any CPU
		{F4557312-7239-4251-BE85-6DCD9E35E7EB}.Debug|Any CPU.Build.0 = Debug|Any CPU
		{F4557312-7239-4251-BE85-6DCD9E35E7EB}.Release|Any CPU.ActiveCfg = Release|Any CPU
		{F4557312-7239-4251-BE85-6DCD9E35E7EB}.Release|Any CPU.Build.0 = Release|Any CPU
		{4843FFDC-925E-4B8D-9C3D-FF5671D1D7C7}.Debug|Any CPU.ActiveCfg = Debug|Any CPU
		{4843FFDC-925E-4B8D-9C3D-FF5671D1D7C7}.Debug|Any CPU.Build.0 = Debug|Any CPU
		{4843FFDC-925E-4B8D-9C3D-FF5671D1D7C7}.Debug|Any CPU.Deploy.0 = Debug|Any CPU
		{4843FFDC-925E-4B8D-9C3D-FF5671D1D7C7}.Release|Any CPU.ActiveCfg = Release|Any CPU
		{4843FFDC-925E-4B8D-9C3D-FF5671D1D7C7}.Release|Any CPU.Build.0 = Release|Any CPU
		{4843FFDC-925E-4B8D-9C3D-FF5671D1D7C7}.Release|Any CPU.Deploy.0 = Release|Any CPU
		{D0FFD0D9-CE6B-46CC-A76C-C1C47A7BF3EB}.Debug|Any CPU.ActiveCfg = Debug|Any CPU
		{D0FFD0D9-CE6B-46CC-A76C-C1C47A7BF3EB}.Debug|Any CPU.Build.0 = Debug|Any CPU
		{D0FFD0D9-CE6B-46CC-A76C-C1C47A7BF3EB}.Release|Any CPU.ActiveCfg = Release|Any CPU
		{D0FFD0D9-CE6B-46CC-A76C-C1C47A7BF3EB}.Release|Any CPU.Build.0 = Release|Any CPU
		{3DD3B83D-3BFC-45EA-9F7B-EB3161AE55DB}.Debug|Any CPU.ActiveCfg = Debug|Any CPU
		{3DD3B83D-3BFC-45EA-9F7B-EB3161AE55DB}.Debug|Any CPU.Build.0 = Debug|Any CPU
		{3DD3B83D-3BFC-45EA-9F7B-EB3161AE55DB}.Release|Any CPU.ActiveCfg = Release|Any CPU
		{3DD3B83D-3BFC-45EA-9F7B-EB3161AE55DB}.Release|Any CPU.Build.0 = Release|Any CPU
	EndGlobalSection
	GlobalSection(SolutionProperties) = preSolution
		HideSolutionNode = FALSE
	EndGlobalSection
EndGlobal
